
Microsoft Visual Studio Solution File, Format Version 12.00
# Visual Studio Version 17
VisualStudioVersion = 17.4.33103.184
MinimumVisualStudioVersion = 10.0.40219.1
Project("{9A19103F-16F7-4668-BE54-9A1E7A4F7556}") = "WebApplication2", "WebApplication2\WebApplication2.csproj", "{A08EAA9B-F6C5-4B73-904B-B2EB8837DA3C}"
EndProject
Global
	GlobalSection(SolutionConfigurationPlatforms) = preSolution
		Debug|Any CPU = Debug|Any CPU
		Release|Any CPU = Release|Any CPU
	EndGlobalSection
	GlobalSection(ProjectConfigurationPlatforms) = postSolution
		{A08EAA9B-F6C5-4B73-904B-B2EB8837DA3C}.Debug|Any CPU.ActiveCfg = Debug|Any CPU
		{A08EAA9B-F6C5-4B73-904B-B2EB8837DA3C}.Debug|Any CPU.Build.0 = Debug|Any CPU
		{A08EAA9B-F6C5-4B73-904B-B2EB8837DA3C}.Release|Any CPU.ActiveCfg = Release|Any CPU
		{A08EAA9B-F6C5-4B73-904B-B2EB8837DA3C}.Release|Any CPU.Build.0 = Release|Any CPU
	EndGlobalSection
	GlobalSection(SolutionProperties) = preSolution
		HideSolutionNode = FALSE
	EndGlobalSection
	GlobalSection(ExtensibilityGlobals) = postSolution
		SolutionGuid = {AD223B94-C5B7-4EB8-844B-B8DD77FE1BBD}
	EndGlobalSection
EndGlobal
